
Microsoft Visual Studio Solution File, Format Version 12.00
# Visual Studio Version 16
VisualStudioVersion = 16.0.31911.196
MinimumVisualStudioVersion = 10.0.40219.1
Project("{FAE04EC0-301F-11D3-BF4B-00C04F79EFBC}") = "MyVet.Common", "MyVet.Common\MyVet.Common.csproj", "{A64DC3D7-112F-4905-8F61-9B73D939D91B}"
EndProject
Project("{FAE04EC0-301F-11D3-BF4B-00C04F79EFBC}") = "MyVet.Web", "MyVet.Web\MyVet.Web.csproj", "{F99445A2-DF4E-45F4-8B6C-6134C73A34FB}"
EndProject
Global
	GlobalSection(SolutionConfigurationPlatforms) = preSolution
		Debug|Any CPU = Debug|Any CPU
		Release|Any CPU = Release|Any CPU
	EndGlobalSection
	GlobalSection(ProjectConfigurationPlatforms) = postSolution
		{A64DC3D7-112F-4905-8F61-9B73D939D91B}.Debug|Any CPU.ActiveCfg = Debug|Any CPU
		{A64DC3D7-112F-4905-8F61-9B73D939D91B}.Debug|Any CPU.Build.0 = Debug|Any CPU
		{A64DC3D7-112F-4905-8F61-9B73D939D91B}.Release|Any CPU.ActiveCfg = Release|Any CPU
		{A64DC3D7-112F-4905-8F61-9B73D939D91B}.Release|Any CPU.Build.0 = Release|Any CPU
		{F99445A2-DF4E-45F4-8B6C-6134C73A34FB}.Debug|Any CPU.ActiveCfg = Debug|Any CPU
		{F99445A2-DF4E-45F4-8B6C-6134C73A34FB}.Debug|Any CPU.Build.0 = Debug|Any CPU
		{F99445A2-DF4E-45F4-8B6C-6134C73A34FB}.Release|Any CPU.ActiveCfg = Release|Any CPU
		{F99445A2-DF4E-45F4-8B6C-6134C73A34FB}.Release|Any CPU.Build.0 = Release|Any CPU
	EndGlobalSection
	GlobalSection(SolutionProperties) = preSolution
		HideSolutionNode = FALSE
	EndGlobalSection
	GlobalSection(ExtensibilityGlobals) = postSolution
		SolutionGuid = {6FC73852-67B7-4264-81CE-DB6BEF428417}
	EndGlobalSection
EndGlobal
